<?xml version="1.0" encoding="utf-8"?>
<Project ToolsVersion="4.0" xmlns="http://schemas.microsoft.com/developer/msbuild/2003">
  <ItemGroup>
    <Filter Include="src">
      <UniqueIdentifier>{4FC737F1-C7A5-4376-A066-2A32D752A2FF}</UniqueIdentifier>
      <Extensions>cpp;c;cc;cxx;c++;def;odl;idl;hpj;bat;asm;asmx</Extensions>
    </Filter>
    <Filter Include="src\api-fcts">
      <UniqueIdentifier>{1109942e-03f0-4fa2-b812-59d3b0d031d0}</UniqueIdentifier>
    </Filter>
  </ItemGroup>
  <ItemGroup>
    <ClCompile Include="src\main.cpp">
      <Filter>src</Filter>
    </ClCompile>
    <ClCompile Include="src\blobs.cpp">
      <Filter>src</Filter>
    </ClCompile>
    <ClCompile Include="src\graph.cpp">
      <Filter>src</Filter>
    </ClCompile>
    <ClCompile Include="src\high_level_api.cpp">
      <Filter>src</Filter>
    </ClCompile>
    <ClCompile Include="src\low_level_api.cpp">
      <Filter>src</Filter>
    </ClCompile>
    <ClCompile Include="src\synchronization.cpp">
      <Filter>src</Filter>
    </ClCompile>
    <ClCompile Include="src\verification.cpp">
      <Filter>src</Filter>
    </ClCompile>
    <ClCompile Include="src\zef_actions.cpp">
      <Filter>src</Filter>
    </ClCompile>
    <ClCompile Include="src\zef_script.cpp">
      <Filter>src</Filter>
    </ClCompile>
    <ClCompile Include="src\scratch\zeflog.cpp">
      <Filter>src</Filter>
    </ClCompile>
    <ClCompile Include="src\scratch\zwitch.cpp">
      <Filter>src</Filter>
    </ClCompile>
    <ClCompile Include="src\tools.cpp">
      <Filter>src</Filter>
    </ClCompile>
    <ClCompile Include="src\scratch\zuple.cpp">
      <Filter>src</Filter>
    </ClCompile>
    <ClCompile Include="src\scratch\dynamic_zefops.cpp">
      <Filter>src</Filter>
    </ClCompile>
    <ClCompile Include="src\scalars.cpp">
      <Filter>src</Filter>
    </ClCompile>
    <ClCompile Include="src\tensor.cpp">
      <Filter>src</Filter>
    </ClCompile>
    <ClCompile Include="src\scratch\std_initializer_list.cpp">
      <Filter>src</Filter>
    </ClCompile>
    <ClCompile Include="src\scratch\string_parsing.cpp">
      <Filter>src</Filter>
    </ClCompile>
    <ClCompile Include="src\observable.cpp">
      <Filter>src</Filter>
    </ClCompile>
    <ClCompile Include="src\zefref.cpp">
      <Filter>src</Filter>
    </ClCompile>
    <ClCompile Include="src\zefDB_utils.cpp">
      <Filter>src</Filter>
    </ClCompile>
    <ClCompile Include="src\zef_script_python.cpp">
      <Filter>src</Filter>
    </ClCompile>
    <ClCompile Include="src\shared_mem_stub.cpp">
      <Filter>src</Filter>
    </ClCompile>
    <ClCompile Include="src\shared_mem.cpp">
      <Filter>src</Filter>
    </ClCompile>
    <ClCompile Include="src\tasks.cpp">
      <Filter>src</Filter>
    </ClCompile>
    <ClCompile Include="src\julia_conversions.cpp">
      <Filter>src</Filter>
    </ClCompile>
    <ClCompile Include="src\library_entrypoint.cpp">
      <Filter>src</Filter>
    </ClCompile>
    <ClCompile Include="src\pyinterpreter_calls.cpp">
      <Filter>src</Filter>
    </ClCompile>
    <ClCompile Include="src\pyinterpreter_entrypoint.cpp">
      <Filter>src</Filter>
    </ClCompile>
  </ItemGroup>
  <ItemGroup>
    <ClInclude Include="src\fwd_declarations.h">
      <Filter>src</Filter>
    </ClInclude>
    <ClInclude Include="src\graph.h">
      <Filter>src</Filter>
    </ClInclude>
    <ClInclude Include="src\scratch\ranges_v3.h" />
    <ClInclude Include="src\scratch\span.h" />
    <ClInclude Include="src\zefref.h">
      <Filter>src</Filter>
    </ClInclude>
    <ClInclude Include="src\blobs.h" />
    <ClInclude Include="src\scratch\templating_check_if_attribute_exists.h" />
    <ClInclude Include="src\zefDB_utils.h">
      <Filter>src</Filter>
    </ClInclude>
    <ClInclude Include="src\zefDB.h">
      <Filter>src</Filter>
    </ClInclude>
    <ClInclude Include="src\synchronization.h" />
    <ClInclude Include="src\xxhash64.h" />
    <ClInclude Include="src\scratch\ranges_eg2.h" />
    <ClInclude Include="src\scratch\iterable_class.h" />
    <ClInclude Include="src\verification.h" />
    <ClInclude Include="src\scratch\custom_allocator.h" />
    <ClInclude Include="src\scratch\range_sentinel.h" />
    <ClInclude Include="src\scratch\custom_ranges_iterable.h" />
    <ClInclude Include="src\zef_actions.h" />
    <ClInclude Include="src\high_level_api.h" />
    <ClInclude Include="src\low_level_api.h">
      <Filter>src\api-fcts</Filter>
    </ClInclude>
    <ClInclude Include="src\zef_enums.h" />
    <ClInclude Include="src\zef_script.h" />
    <ClInclude Include="src\tools.h" />
    <ClInclude Include="src\zwitch.h" />
    <ClInclude Include="include\blobs.h" />
    <ClInclude Include="include\export_statement.h" />
    <ClInclude Include="include\fwd_declarations.h" />
    <ClInclude Include="include\graph.h" />
    <ClInclude Include="include\high_level_api.h" />
    <ClInclude Include="include\low_level_api.h" />
    <ClInclude Include="include\pyinterpreter_calls.h" />
    <ClInclude Include="include\python_only_conversion.h" />
    <ClInclude Include="include\shared_mem.h" />
    <ClInclude Include="include\synchronization.h" />
    <ClInclude Include="include\tasks.h" />
    <ClInclude Include="include\tools.h" />
    <ClInclude Include="include\verification.h" />
    <ClInclude Include="include\xxhash64.h" />
    <ClInclude Include="include\zef_script.h" />
    <ClInclude Include="include\zef_script_python.h" />
    <ClInclude Include="include\zefDB.h" />
    <ClInclude Include="include\zefDB_utils.h" />
    <ClInclude Include="include\zefref.h" />
    <ClInclude Include="include\scalars.h" />
    <ClInclude Include="include\tensor.h" />
    <ClInclude Include="include\observable.h" />
    <ClInclude Include="src\common.h" />
    <ClInclude Include="include\julia_conversions.h" />
    <ClInclude Include="include\mmap.h" />
  </ItemGroup>
  <ItemGroup>
    <None Include="src\scratch\from_hex.cpp" />
    <None Include="src\blobs.cpp.ET.cog" />
    <None Include="src\blobs.cpp.ET.gen" />
    <None Include="src\blobs.cpp.ETnames.cog" />
    <None Include="src\blobs.cpp.ETnames.gen" />
    <None Include="src\blobs.cpp.RT.cog" />
    <None Include="src\blobs.cpp.RT.gen" />
    <None Include="src\blobs.cpp.RTnames.cog" />
    <None Include="src\blobs.cpp.RTnames.gen" />
    <None Include="src\blobs.h.AET_enum.cog" />
    <None Include="src\blobs.h.AET_enum.gen" />
    <None Include="src\blobs.h.AET_quantity_float.cog" />
    <None Include="src\blobs.h.AET_quantity_float.gen" />
    <None Include="src\blobs.h.AET_quantity_int.cog" />
    <None Include="src\blobs.h.AET_quantity_int.gen" />
    <None Include="src\blobs.h.ET.cog" />
    <None Include="src\blobs.h.ET.gen" />
    <None Include="src\blobs.h.RT.cog" />
    <None Include="src\blobs.h.RT.gen" />
    <None Include="src\graph.cpp.AETenumfromstring.cog" />
    <None Include="src\graph.cpp.AETenumfromstring.gen" />
    <None Include="src\graph.cpp.AETquantityfloatfromstring.cog" />
    <None Include="src\graph.cpp.AETquantityfloatfromstring.gen" />
    <None Include="src\graph.cpp.AETquantityfromstring.cog" />
    <None Include="src\graph.cpp.AETquantityfromstring.gen" />
    <None Include="src\graph.cpp.AETquantityintfromstring.cog" />
    <None Include="src\graph.cpp.AETquantityintfromstring.gen" />
    <None Include="src\graph.cpp.ETfromstring.cog" />
    <None Include="src\graph.cpp.ETfromstring.gen" />
    <None Include="src\graph.cpp.RTfromstring.cog" />
    <None Include="src\graph.cpp.RTfromstring.gen" />
    <None Include="src\graph.cpp.stringfromAET.cog" />
    <None Include="src\graph.cpp.stringfromAET.gen" />
    <None Include="src\zef_enums.cpp.enumvalfromstring.cog" />
    <None Include="src\zef_enums.cpp.enumvalfromstring.gen" />
    <None Include="src\zef_enums.h.names_map.cog" />
    <None Include="src\zef_enums.h.names_map.gen" />
    <None Include="src\zef_enums.h.zefenumstruct.cog" />
    <None Include="src\zef_enums.h.zefenumstruct.gen" />
    <None Include="include\blobs.h.AET.cog" />
    <None Include="include\blobs.h.AET.gen" />
    <None Include="include\blobs.h.ET.cog" />
    <None Include="include\blobs.h.ET.gen" />
    <None Include="include\blobs.h.RT.cog" />
    <None Include="include\blobs.h.RT.gen" />
    <None Include="include\zef_enums.h.names_map.cog" />
    <None Include="include\zef_enums.h.names_map.gen" />
    <None Include="include\zef_enums.h.zefenumstruct.cog" />
    <None Include="include\zef_enums.h.zefenumstruct.gen" />
  </ItemGroup>
  <ItemGroup>
    <Text Include="CMakeLists.txt" />
  </ItemGroup>
</Project>