
Microsoft Visual Studio Solution File, Format Version 12.00
# Visual Studio Version 16
VisualStudioVersion = 16.0.30104.148
MinimumVisualStudioVersion = 10.0.40219.1
Project("{8BC9CEB8-8B4A-11D0-8D11-00A0C91BC942}") = "core", "core\core.vcxproj", "{31639138-7FA0-47A2-980B-5A2CC44B2434}"
EndProject
Project("{8BC9CEB8-8B4A-11D0-8D11-00A0C91BC942}") = "build_python_package", "build_python_package\build_python_package.vcxproj", "{0FAD1110-9009-4796-84A2-1620FDEE42BA}"
EndProject
Global
	GlobalSection(SolutionConfigurationPlatforms) = preSolution
		Debug|x64 = Debug|x64
		Debug|x86 = Debug|x86
		Release|x64 = Release|x64
		Release|x86 = Release|x86
	EndGlobalSection
	GlobalSection(ProjectConfigurationPlatforms) = postSolution
		{31639138-7FA0-47A2-980B-5A2CC44B2434}.Debug|x64.ActiveCfg = Debug|x64
		{31639138-7FA0-47A2-980B-5A2CC44B2434}.Debug|x64.Build.0 = Debug|x64
		{31639138-7FA0-47A2-980B-5A2CC44B2434}.Debug|x86.ActiveCfg = Release|x64
		{31639138-7FA0-47A2-980B-5A2CC44B2434}.Debug|x86.Build.0 = Release|x64
		{31639138-7FA0-47A2-980B-5A2CC44B2434}.Release|x64.ActiveCfg = Release|x64
		{31639138-7FA0-47A2-980B-5A2CC44B2434}.Release|x64.Build.0 = Release|x64
		{31639138-7FA0-47A2-980B-5A2CC44B2434}.Release|x86.ActiveCfg = Release|x64
		{31639138-7FA0-47A2-980B-5A2CC44B2434}.Release|x86.Build.0 = Release|x64
		{0FAD1110-9009-4796-84A2-1620FDEE42BA}.Debug|x64.ActiveCfg = Debug|x64
		{0FAD1110-9009-4796-84A2-1620FDEE42BA}.Debug|x64.Build.0 = Debug|x64
		{0FAD1110-9009-4796-84A2-1620FDEE42BA}.Debug|x86.ActiveCfg = Debug|Win32
		{0FAD1110-9009-4796-84A2-1620FDEE42BA}.Debug|x86.Build.0 = Debug|Win32
		{0FAD1110-9009-4796-84A2-1620FDEE42BA}.Release|x64.ActiveCfg = Release|x64
		{0FAD1110-9009-4796-84A2-1620FDEE42BA}.Release|x64.Build.0 = Release|x64
		{0FAD1110-9009-4796-84A2-1620FDEE42BA}.Release|x86.ActiveCfg = Release|Win32
		{0FAD1110-9009-4796-84A2-1620FDEE42BA}.Release|x86.Build.0 = Release|Win32
	EndGlobalSection
	GlobalSection(SolutionProperties) = preSolution
		HideSolutionNode = FALSE
	EndGlobalSection
	GlobalSection(ExtensibilityGlobals) = postSolution
		SolutionGuid = {E4E138B3-EE61-427A-8AA5-62D702BED8B5}
	EndGlobalSection
EndGlobal
